
Microsoft Visual Studio Solution File, Format Version 12.00
# Visual Studio 15
VisualStudioVersion = 15.0.26730.3
MinimumVisualStudioVersion = 10.0.40219.1
Project("{FAE04EC0-301F-11D3-BF4B-00C04F79EFBC}") = "NeuralNetGenericOptimizationApp", "NeuralNetGenericOptimizationApp.csproj", "{C8F5BACD-60EE-4AC8-9F91-24E1157A237A}"
EndProject
Global
	GlobalSection(SolutionConfigurationPlatforms) = preSolution
		Debug|Any CPU = Debug|Any CPU
		Release|Any CPU = Release|Any CPU
	EndGlobalSection
	GlobalSection(ProjectConfigurationPlatforms) = postSolution
		{C8F5BACD-60EE-4AC8-9F91-24E1157A237A}.Debug|Any CPU.ActiveCfg = Debug|Any CPU
		{C8F5BACD-60EE-4AC8-9F91-24E1157A237A}.Debug|Any CPU.Build.0 = Debug|Any CPU
		{C8F5BACD-60EE-4AC8-9F91-24E1157A237A}.Release|Any CPU.ActiveCfg = Release|Any CPU
		{C8F5BACD-60EE-4AC8-9F91-24E1157A237A}.Release|Any CPU.Build.0 = Release|Any CPU
	EndGlobalSection
	GlobalSection(SolutionProperties) = preSolution
		HideSolutionNode = FALSE
	EndGlobalSection
	GlobalSection(ExtensibilityGlobals) = postSolution
		SolutionGuid = {4D81D067-49A2-4EE8-833E-293ABAE5DA20}
	EndGlobalSection
EndGlobal
